
Microsoft Visual Studio Solution File, Format Version 12.00
# Visual Studio 15
VisualStudioVersion = 15.0.27004.2002
MinimumVisualStudioVersion = 10.0.40219.1
Project("{888888A0-9F3D-457C-B088-3A5042F75D52}") = "Odev3Goruntu", "Odev3Goruntu\Odev3Goruntu.pyproj", "{5956CE91-3D3D-4C9E-8D3D-5ED184C7B27B}"
EndProject
Global
	GlobalSection(SolutionConfigurationPlatforms) = preSolution
		Debug|Any CPU = Debug|Any CPU
		Release|Any CPU = Release|Any CPU
	EndGlobalSection
	GlobalSection(ProjectConfigurationPlatforms) = postSolution
		{5956CE91-3D3D-4C9E-8D3D-5ED184C7B27B}.Debug|Any CPU.ActiveCfg = Debug|Any CPU
		{5956CE91-3D3D-4C9E-8D3D-5ED184C7B27B}.Release|Any CPU.ActiveCfg = Release|Any CPU
	EndGlobalSection
	GlobalSection(SolutionProperties) = preSolution
		HideSolutionNode = FALSE
	EndGlobalSection
	GlobalSection(ExtensibilityGlobals) = postSolution
		SolutionGuid = {D1360AE2-FB82-46ED-B8EE-AD7142E93C14}
	EndGlobalSection
EndGlobal
